// !$*UTF8*$!
{
	archiveVersion = 1;
	classes = {
	};
	objectVersion = 46;
	objects = {

/* Begin PBXBuildFile section */
		7E1F4A701F4221460004D3CE /* AppDelegate.swift in Sources */ = {isa = PBXBuildFile; fileRef = 7E1F4A6F1F4221460004D3CE /* AppDelegate.swift */; };
		7E1F4A721F4221460004D3CE /* ViewController.swift in Sources */ = {isa = PBXBuildFile; fileRef = 7E1F4A711F4221460004D3CE /* ViewController.swift */; };
		7E1F4A751F4221460004D3CE /* Main.storyboard in Resources */ = {isa = PBXBuildFile; fileRef = 7E1F4A731F4221460004D3CE /* Main.storyboard */; };
		7E1F4A771F4221460004D3CE /* Assets.xcassets in Resources */ = {isa = PBXBuildFile; fileRef = 7E1F4A761F4221460004D3CE /* Assets.xcassets */; };
		7E1F4A7A1F4221460004D3CE /* LaunchScreen.storyboard in Resources */ = {isa = PBXBuildFile; fileRef = 7E1F4A781F4221460004D3CE /* LaunchScreen.storyboard */; };
		7E1F4A851F4221460004D3CE /* tipcalculatorTests.swift in Sources */ = {isa = PBXBuildFile; fileRef = 7E1F4A841F4221460004D3CE /* tipcalculatorTests.swift */; };
		7E1F4A901F4221460004D3CE /* tipcalculatorUITests.swift in Sources */ = {isa = PBXBuildFile; fileRef = 7E1F4A8F1F4221460004D3CE /* tipcalculatorUITests.swift */; };
		7E1F4A9E1F48A3740004D3CE /* SettingsViewController.swift in Sources */ = {isa = PBXBuildFile; fileRef = 7E1F4A9D1F48A3740004D3CE /* SettingsViewController.swift */; };
/* End PBXBuildFile section */

/* Begin PBXContainerItemProxy section */
		7E1F4A811F4221460004D3CE /* PBXContainerItemProxy */ = {
			isa = PBXContainerItemProxy;
			containerPortal = 7E1F4A641F4221460004D3CE /* Project object */;
			proxyType = 1;
			remoteGlobalIDString = 7E1F4A6B1F4221460004D3CE;
			remoteInfo = tipcalculator;
		};
		7E1F4A8C1F4221460004D3CE /* PBXContainerItemProxy */ = {
			isa = PBXContainerItemProxy;
			containerPortal = 7E1F4A641F4221460004D3CE /* Project object */;
			proxyType = 1;
			remoteGlobalIDString = 7E1F4A6B1F4221460004D3CE;
			remoteInfo = tipcalculator;
		};
/* End PBXContainerItemProxy section */

/* Begin PBXFileReference section */
		7E1F4A6C1F4221460004D3CE /* tipcalculator.app */ = {isa = PBXFileReference; explicitFileType = wrapper.application; includeInIndex = 0; path = tipcalculator.app; sourceTree = BUILT_PRODUCTS_DIR; };
		7E1F4A6F1F4221460004D3CE /* AppDelegate.swift */ = {isa = PBXFileReference; lastKnownFileType = sourcecode.swift; path = AppDelegate.swift; sourceTree = "<group>"; };
		7E1F4A711F4221460004D3CE /* ViewController.swift */ = {isa = PBXFileReference; lastKnownFileType = sourcecode.swift; path = ViewController.swift; sourceTree = "<group>"; };
		7E1F4A741F4221460004D3CE /* Base */ = {isa = PBXFileReference; lastKnownFileType = file.storyboard; name = Base; path = Base.lproj/Main.storyboard; sourceTree = "<group>"; };
		7E1F4A761F4221460004D3CE /* Assets.xcassets */ = {isa = PBXFileReference; lastKnownFileType = folder.assetcatalog; path = Assets.xcassets; sourceTree = "<group>"; };
		7E1F4A791F4221460004D3CE /* Base */ = {isa = PBXFileReference; lastKnownFileType = file.storyboard; name = Base; path = Base.lproj/LaunchScreen.storyboard; sourceTree = "<group>"; };
		7E1F4A7B1F4221460004D3CE /* Info.plist */ = {isa = PBXFileReference; lastKnownFileType = text.plist.xml; path = Info.plist; sourceTree = "<group>"; };
		7E1F4A801F4221460004D3CE /* tipcalculatorTests.xctest */ = {isa = PBXFileReference; explicitFileType = wrapper.cfbundle; includeInIndex = 0; path = tipcalculatorTests.xctest; sourceTree = BUILT_PRODUCTS_DIR; };
		7E1F4A841F4221460004D3CE /* tipcalculatorTests.swift */ = {isa = PBXFileReference; lastKnownFileType = sourcecode.swift; path = tipcalculatorTests.swift; sourceTree = "<group>"; };
		7E1F4A861F4221460004D3CE /* Info.plist */ = {isa = PBXFileReference; lastKnownFileType = text.plist.xml; path = Info.plist; sourceTree = "<group>"; };
		7E1F4A8B1F4221460004D3CE /* tipcalculatorUITests.xctest */ = {isa = PBXFileReference; explicitFileType = wrapper.cfbundle; includeInIndex = 0; path = tipcalculatorUITests.xctest; sourceTree = BUILT_PRODUCTS_DIR; };
		7E1F4A8F1F4221460004D3CE /* tipcalculatorUITests.swift */ = {isa = PBXFileReference; lastKnownFileType = sourcecode.swift; path = tipcalculatorUITests.swift; sourceTree = "<group>"; };
		7E1F4A911F4221460004D3CE /* Info.plist */ = {isa = PBXFileReference; lastKnownFileType = text.plist.xml; path = Info.plist; sourceTree = "<group>"; };
		7E1F4A9D1F48A3740004D3CE /* SettingsViewController.swift */ = {isa = PBXFileReference; fileEncoding = 4; lastKnownFileType = sourcecode.swift; path = SettingsViewController.swift; sourceTree = "<group>"; };
/* End PBXFileReference section */

/* Begin PBXFrameworksBuildPhase section */
		7E1F4A691F4221460004D3CE /* Frameworks */ = {
			isa = PBXFrameworksBuildPhase;
			buildActionMask = 2147483647;
			files = (
			);
			runOnlyForDeploymentPostprocessing = 0;
		};
		7E1F4A7D1F4221460004D3CE /* Frameworks */ = {
			isa = PBXFrameworksBuildPhase;
			buildActionMask = 2147483647;
			files = (
			);
			runOnlyForDeploymentPostprocessing = 0;
		};
		7E1F4A881F4221460004D3CE /* Frameworks */ = {
			isa = PBXFrameworksBuildPhase;
			buildActionMask = 2147483647;
			files = (
			);
			runOnlyForDeploymentPostprocessing = 0;
		};
/* End PBXFrameworksBuildPhase section */

/* Begin PBXGroup section */
		7E1F4A631F4221450004D3CE = {
			isa = PBXGroup;
			children = (
				7E1F4A6E1F4221460004D3CE /* tipcalculator */,
				7E1F4A831F4221460004D3CE /* tipcalculatorTests */,
				7E1F4A8E1F4221460004D3CE /* tipcalculatorUITests */,
				7E1F4A6D1F4221460004D3CE /* Products */,
			);
			sourceTree = "<group>";
		};
		7E1F4A6D1F4221460004D3CE /* Products */ = {
			isa = PBXGroup;
			children = (
				7E1F4A6C1F4221460004D3CE /* tipcalculator.app */,
				7E1F4A801F4221460004D3CE /* tipcalculatorTests.xctest */,
				7E1F4A8B1F4221460004D3CE /* tipcalculatorUITests.xctest */,
			);
			name = Products;
			sourceTree = "<group>";
		};
		7E1F4A6E1F4221460004D3CE /* tipcalculator */ = {
			isa = PBXGroup;
			children = (
				7E1F4A6F1F4221460004D3CE /* AppDelegate.swift */,
				7E1F4A711F4221460004D3CE /* ViewController.swift */,
				7E1F4A731F4221460004D3CE /* Main.storyboard */,
				7E1F4A9D1F48A3740004D3CE /* SettingsViewController.swift */,
				7E1F4A761F4221460004D3CE /* Assets.xcassets */,
				7E1F4A781F4221460004D3CE /* LaunchScreen.storyboard */,
				7E1F4A7B1F4221460004D3CE /* Info.plist */,
			);
			path = tipcalculator;
			sourceTree = "<group>";
		};
		7E1F4A831F4221460004D3CE /* tipcalculatorTests */ = {
			isa = PBXGroup;
			children = (
				7E1F4A841F4221460004D3CE /* tipcalculatorTests.swift */,
				7E1F4A861F4221460004D3CE /* Info.plist */,
			);
			path = tipcalculatorTests;
			sourceTree = "<group>";
		};
		7E1F4A8E1F4221460004D3CE /* tipcalculatorUITests */ = {
			isa = PBXGroup;
			children = (
				7E1F4A8F1F4221460004D3CE /* tipcalculatorUITests.swift */,
				7E1F4A911F4221460004D3CE /* Info.plist */,
			);
			path = tipcalculatorUITests;
			sourceTree = "<group>";
		};
/* End PBXGroup section */

/* Begin PBXNativeTarget section */
		7E1F4A6B1F4221460004D3CE /* tipcalculator */ = {
			isa = PBXNativeTarget;
			buildConfigurationList = 7E1F4A941F4221460004D3CE /* Build configuration list for PBXNativeTarget "tipcalculator" */;
			buildPhases = (
				7E1F4A681F4221460004D3CE /* Sources */,
				7E1F4A691F4221460004D3CE /* Frameworks */,
				7E1F4A6A1F4221460004D3CE /* Resources */,
			);
			buildRules = (
			);
			dependencies = (
			);
			name = tipcalculator;
			productName = tipcalculator;
			productReference = 7E1F4A6C1F4221460004D3CE /* tipcalculator.app */;
			productType = "com.apple.product-type.application";
		};
		7E1F4A7F1F4221460004D3CE /* tipcalculatorTests */ = {
			isa = PBXNativeTarget;
			buildConfigurationList = 7E1F4A971F4221460004D3CE /* Build configuration list for PBXNativeTarget "tipcalculatorTests" */;
			buildPhases = (
				7E1F4A7C1F4221460004D3CE /* Sources */,
				7E1F4A7D1F4221460004D3CE /* Frameworks */,
				7E1F4A7E1F4221460004D3CE /* Resources */,
			);
			buildRules = (
			);
			dependencies = (
				7E1F4A821F4221460004D3CE /* PBXTargetDependency */,
			);
			name = tipcalculatorTests;
			productName = tipcalculatorTests;
			productReference = 7E1F4A801F4221460004D3CE /* tipcalculatorTests.xctest */;
			productType = "com.apple.product-type.bundle.unit-test";
		};
		7E1F4A8A1F4221460004D3CE /* tipcalculatorUITests */ = {
			isa = PBXNativeTarget;
			buildConfigurationList = 7E1F4A9A1F4221460004D3CE /* Build configuration list for PBXNativeTarget "tipcalculatorUITests" */;
			buildPhases = (
				7E1F4A871F4221460004D3CE /* Sources */,
				7E1F4A881F4221460004D3CE /* Frameworks */,
				7E1F4A891F4221460004D3CE /* Resources */,
			);
			buildRules = (
			);
			dependencies = (
				7E1F4A8D1F4221460004D3CE /* PBXTargetDependency */,
			);
			name = tipcalculatorUITests;
			productName = tipcalculatorUITests;
			productReference = 7E1F4A8B1F4221460004D3CE /* tipcalculatorUITests.xctest */;
			productType = "com.apple.product-type.bundle.ui-testing";
		};
/* End PBXNativeTarget section */

/* Begin PBXProject section */
		7E1F4A641F4221460004D3CE /* Project object */ = {
			isa = PBXProject;
			attributes = {
				LastSwiftUpdateCheck = 0710;
				LastUpgradeCheck = 0710;
				ORGANIZATIONNAME = "Anne Willborn";
				TargetAttributes = {
					7E1F4A6B1F4221460004D3CE = {
						CreatedOnToolsVersion = 7.1;
					};
					7E1F4A7F1F4221460004D3CE = {
						CreatedOnToolsVersion = 7.1;
						TestTargetID = 7E1F4A6B1F4221460004D3CE;
					};
					7E1F4A8A1F4221460004D3CE = {
						CreatedOnToolsVersion = 7.1;
						TestTargetID = 7E1F4A6B1F4221460004D3CE;
					};
				};
			};
			buildConfigurationList = 7E1F4A671F4221460004D3CE /* Build configuration list for PBXProject "tipcalculator" */;
			compatibilityVersion = "Xcode 3.2";
			developmentRegion = English;
			hasScannedForEncodings = 0;
			knownRegions = (
				en,
				Base,
			);
			mainGroup = 7E1F4A631F4221450004D3CE;
			productRefGroup = 7E1F4A6D1F4221460004D3CE /* Products */;
			projectDirPath = "";
			projectRoot = "";
			targets = (
				7E1F4A6B1F4221460004D3CE /* tipcalculator */,
				7E1F4A7F1F4221460004D3CE /* tipcalculatorTests */,
				7E1F4A8A1F4221460004D3CE /* tipcalculatorUITests */,
			);
		};
/* End PBXProject section */

/* Begin PBXResourcesBuildPhase section */
		7E1F4A6A1F4221460004D3CE /* Resources */ = {
			isa = PBXResourcesBuildPhase;
			buildActionMask = 2147483647;
			files = (
				7E1F4A7A1F4221460004D3CE /* LaunchScreen.storyboard in Resources */,
				7E1F4A771F4221460004D3CE /* Assets.xcassets in Resources */,
				7E1F4A751F4221460004D3CE /* Main.storyboard in Resources */,
			);
			runOnlyForDeploymentPostprocessing = 0;
		};
		7E1F4A7E1F4221460004D3CE /* Resources */ = {
			isa = PBXResourcesBuildPhase;
			buildActionMask = 2147483647;
			files = (
			);
			runOnlyForDeploymentPostprocessing = 0;
		};
		7E1F4A891F4221460004D3CE /* Resources */ = {
			isa = PBXResourcesBuildPhase;
			buildActionMask = 2147483647;
			files = (
			);
			runOnlyForDeploymentPostprocessing = 0;
		};
/* End PBXResourcesBuildPhase section */

/* Begin PBXSourcesBuildPhase section */
		7E1F4A681F4221460004D3CE /* Sources */ = {
			isa = PBXSourcesBuildPhase;
			buildActionMask = 2147483647;
			files = (
				7E1F4A721F4221460004D3CE /* ViewController.swift in Sources */,
				7E1F4A701F4221460004D3CE /* AppDelegate.swift in Sources */,
				7E1F4A9E1F48A3740004D3CE /* SettingsViewController.swift in Sources */,
			);
			runOnlyForDeploymentPostprocessing = 0;
		};
		7E1F4A7C1F4221460004D3CE /* Sources */ = {
			isa = PBXSourcesBuildPhase;
			buildActionMask = 2147483647;
			files = (
				7E1F4A851F4221460004D3CE /* tipcalculatorTests.swift in Sources */,
			);
			runOnlyForDeploymentPostprocessing = 0;
		};
		7E1F4A871F4221460004D3CE /* Sources */ = {
			isa = PBXSourcesBuildPhase;
			buildActionMask = 2147483647;
			files = (
				7E1F4A901F4221460004D3CE /* tipcalculatorUITests.swift in Sources */,
			);
			runOnlyForDeploymentPostprocessing = 0;
		};
/* End PBXSourcesBuildPhase section */

/* Begin PBXTargetDependency section */
		7E1F4A821F4221460004D3CE /* PBXTargetDependency */ = {
			isa = PBXTargetDependency;
			target = 7E1F4A6B1F4221460004D3CE /* tipcalculator */;
			targetProxy = 7E1F4A811F4221460004D3CE /* PBXContainerItemProxy */;
		};
		7E1F4A8D1F4221460004D3CE /* PBXTargetDependency */ = {
			isa = PBXTargetDependency;
			target = 7E1F4A6B1F4221460004D3CE /* tipcalculator */;
			targetProxy = 7E1F4A8C1F4221460004D3CE /* PBXContainerItemProxy */;
		};
/* End PBXTargetDependency section */

/* Begin PBXVariantGroup section */
		7E1F4A731F4221460004D3CE /* Main.storyboard */ = {
			isa = PBXVariantGroup;
			children = (
				7E1F4A741F4221460004D3CE /* Base */,
			);
			name = Main.storyboard;
			sourceTree = "<group>";
		};
		7E1F4A781F4221460004D3CE /* LaunchScreen.storyboard */ = {
			isa = PBXVariantGroup;
			children = (
				7E1F4A791F4221460004D3CE /* Base */,
			);
			name = LaunchScreen.storyboard;
			sourceTree = "<group>";
		};
/* End PBXVariantGroup section */

/* Begin XCBuildConfiguration section */
		7E1F4A921F4221460004D3CE /* Debug */ = {
			isa = XCBuildConfiguration;
			buildSettings = {
				ALWAYS_SEARCH_USER_PATHS = NO;
				CLANG_CXX_LANGUAGE_STANDARD = "gnu++0x";
				CLANG_CXX_LIBRARY = "libc++";
				CLANG_ENABLE_MODULES = YES;
				CLANG_ENABLE_OBJC_ARC = YES;
				CLANG_WARN_BOOL_CONVERSION = YES;
				CLANG_WARN_CONSTANT_CONVERSION = YES;
				CLANG_WARN_DIRECT_OBJC_ISA_USAGE = YES_ERROR;
				CLANG_WARN_EMPTY_BODY = YES;
				CLANG_WARN_ENUM_CONVERSION = YES;
				CLANG_WARN_INT_CONVERSION = YES;
				CLANG_WARN_OBJC_ROOT_CLASS = YES_ERROR;
				CLANG_WARN_UNREACHABLE_CODE = YES;
				CLANG_WARN__DUPLICATE_METHOD_MATCH = YES;
				"CODE_SIGN_IDENTITY[sdk=iphoneos*]" = "iPhone Developer";
				COPY_PHASE_STRIP = NO;
				DEBUG_INFORMATION_FORMAT = dwarf;
				ENABLE_STRICT_OBJC_MSGSEND = YES;
				ENABLE_TESTABILITY = YES;
				GCC_C_LANGUAGE_STANDARD = gnu99;
				GCC_DYNAMIC_NO_PIC = NO;
				GCC_NO_COMMON_BLOCKS = YES;
				GCC_OPTIMIZATION_LEVEL = 0;
				GCC_PREPROCESSOR_DEFINITIONS = (
					"DEBUG=1",
					"$(inherited)",
				);
				GCC_WARN_64_TO_32_BIT_CONVERSION = YES;
				GCC_WARN_ABOUT_RETURN_TYPE = YES_ERROR;
				GCC_WARN_UNDECLARED_SELECTOR = YES;
				GCC_WARN_UNINITIALIZED_AUTOS = YES_AGGRESSIVE;
				GCC_WARN_UNUSED_FUNCTION = YES;
				GCC_WARN_UNUSED_VARIABLE = YES;
				IPHONEOS_DEPLOYMENT_TARGET = 9.1;
				MTL_ENABLE_DEBUG_INFO = YES;
				ONLY_ACTIVE_ARCH = YES;
				SDKROOT = iphoneos;
				SWIFT_OPTIMIZATION_LEVEL = "-Onone";
			};
			name = Debug;
		};
		7E1F4A931F4221460004D3CE /* Release */ = {
			isa = XCBuildConfiguration;
			buildSettings = {
				ALWAYS_SEARCH_USER_PATHS = NO;
				CLANG_CXX_LANGUAGE_STANDARD = "gnu++0x";
				CLANG_CXX_LIBRARY = "libc++";
				CLANG_ENABLE_MODULES = YES;
				CLANG_ENABLE_OBJC_ARC = YES;
				CLANG_WARN_BOOL_CONVERSION = YES;
				CLANG_WARN_CONSTANT_CONVERSION = YES;
				CLANG_WARN_DIRECT_OBJC_ISA_USAGE = YES_ERROR;
				CLANG_WARN_EMPTY_BODY = YES;
				CLANG_WARN_ENUM_CONVERSION = YES;
				CLANG_WARN_INT_CONVERSION = YES;
				CLANG_WARN_OBJC_ROOT_CLASS = YES_ERROR;
				CLANG_WARN_UNREACHABLE_CODE = YES;
				CLANG_WARN__DUPLICATE_METHOD_MATCH = YES;
				"CODE_SIGN_IDENTITY[sdk=iphoneos*]" = "iPhone Developer";
				COPY_PHASE_STRIP = NO;
				DEBUG_INFORMATION_FORMAT = "dwarf-with-dsym";
				ENABLE_NS_ASSERTIONS = NO;
				ENABLE_STRICT_OBJC_MSGSEND = YES;
				GCC_C_LANGUAGE_STANDARD = gnu99;
				GCC_NO_COMMON_BLOCKS = YES;
				GCC_WARN_64_TO_32_BIT_CONVERSION = YES;
				GCC_WARN_ABOUT_RETURN_TYPE = YES_ERROR;
				GCC_WARN_UNDECLARED_SELECTOR = YES;
				GCC_WARN_UNINITIALIZED_AUTOS = YES_AGGRESSIVE;
				GCC_WARN_UNUSED_FUNCTION = YES;
				GCC_WARN_UNUSED_VARIABLE = YES;
				IPHONEOS_DEPLOYMENT_TARGET = 9.1;
				MTL_ENABLE_DEBUG_INFO = NO;
				SDKROOT = iphoneos;
				VALIDATE_PRODUCT = YES;
			};
			name = Release;
		};
		7E1F4A951F4221460004D3CE /* Debug */ = {
			isa = XCBuildConfiguration;
			buildSettings = {
				ASSETCATALOG_COMPILER_APPICON_NAME = AppIcon;
				INFOPLIST_FILE = tipcalculator/Info.plist;
				LD_RUNPATH_SEARCH_PATHS = "$(inherited) @executable_path/Frameworks";
				PRODUCT_BUNDLE_IDENTIFIER = annewillborn.tipcalculator;
				PRODUCT_NAME = "$(TARGET_NAME)";
			};
			name = Debug;
		};
		7E1F4A961F4221460004D3CE /* Release */ = {
			isa = XCBuildConfiguration;
			buildSettings = {
				ASSETCATALOG_COMPILER_APPICON_NAME = AppIcon;
				INFOPLIST_FILE = tipcalculator/Info.plist;
				LD_RUNPATH_SEARCH_PATHS = "$(inherited) @executable_path/Frameworks";
				PRODUCT_BUNDLE_IDENTIFIER = annewillborn.tipcalculator;
				PRODUCT_NAME = "$(TARGET_NAME)";
			};
			name = Release;
		};
		7E1F4A981F4221460004D3CE /* Debug */ = {
			isa = XCBuildConfiguration;
			buildSettings = {
				BUNDLE_LOADER = "$(TEST_HOST)";
				INFOPLIST_FILE = tipcalculatorTests/Info.plist;
				LD_RUNPATH_SEARCH_PATHS = "$(inherited) @executable_path/Frameworks @loader_path/Frameworks";
				PRODUCT_BUNDLE_IDENTIFIER = annewillborn.tipcalculatorTests;
				PRODUCT_NAME = "$(TARGET_NAME)";
				TEST_HOST = "$(BUILT_PRODUCTS_DIR)/tipcalculator.app/tipcalculator";
			};
			name = Debug;
		};
		7E1F4A991F4221460004D3CE /* Release */ = {
			isa = XCBuildConfiguration;
			buildSettings = {
				BUNDLE_LOADER = "$(TEST_HOST)";
				INFOPLIST_FILE = tipcalculatorTests/Info.plist;
				LD_RUNPATH_SEARCH_PATHS = "$(inherited) @executable_path/Frameworks @loader_path/Frameworks";
				PRODUCT_BUNDLE_IDENTIFIER = annewillborn.tipcalculatorTests;
				PRODUCT_NAME = "$(TARGET_NAME)";
				TEST_HOST = "$(BUILT_PRODUCTS_DIR)/tipcalculator.app/tipcalculator";
			};
			name = Release;
		};
		7E1F4A9B1F4221460004D3CE /* Debug */ = {
			isa = XCBuildConfiguration;
			buildSettings = {
				INFOPLIST_FILE = tipcalculatorUITests/Info.plist;
				LD_RUNPATH_SEARCH_PATHS = "$(inherited) @executable_path/Frameworks @loader_path/Frameworks";
				PRODUCT_BUNDLE_IDENTIFIER = annewillborn.tipcalculatorUITests;
				PRODUCT_NAME = "$(TARGET_NAME)";
				TEST_TARGET_NAME = tipcalculator;
				USES_XCTRUNNER = YES;
			};
			name = Debug;
		};
		7E1F4A9C1F4221460004D3CE /* Release */ = {
			isa = XCBuildConfiguration;
			buildSettings = {
				INFOPLIST_FILE = tipcalculatorUITests/Info.plist;
				LD_RUNPATH_SEARCH_PATHS = "$(inherited) @executable_path/Frameworks @loader_path/Frameworks";
				PRODUCT_BUNDLE_IDENTIFIER = annewillborn.tipcalculatorUITests;
				PRODUCT_NAME = "$(TARGET_NAME)";
				TEST_TARGET_NAME = tipcalculator;
				USES_XCTRUNNER = YES;
			};
			name = Release;
		};
/* End XCBuildConfiguration section */

/* Begin XCConfigurationList section */
		7E1F4A671F4221460004D3CE /* Build configuration list for PBXProject "tipcalculator" */ = {
			isa = XCConfigurationList;
			buildConfigurations = (
				7E1F4A921F4221460004D3CE /* Debug */,
				7E1F4A931F4221460004D3CE /* Release */,
			);
			defaultConfigurationIsVisible = 0;
			defaultConfigurationName = Release;
		};
		7E1F4A941F4221460004D3CE /* Build configuration list for PBXNativeTarget "tipcalculator" */ = {
			isa = XCConfigurationList;
			buildConfigurations = (
				7E1F4A951F4221460004D3CE /* Debug */,
				7E1F4A961F4221460004D3CE /* Release */,
			);
			defaultConfigurationIsVisible = 0;
		};
		7E1F4A971F4221460004D3CE /* Build configuration list for PBXNativeTarget "tipcalculatorTests" */ = {
			isa = XCConfigurationList;
			buildConfigurations = (
				7E1F4A981F4221460004D3CE /* Debug */,
				7E1F4A991F4221460004D3CE /* Release */,
			);
			defaultConfigurationIsVisible = 0;
		};
		7E1F4A9A1F4221460004D3CE /* Build configuration list for PBXNativeTarget "tipcalculatorUITests" */ = {
			isa = XCConfigurationList;
			buildConfigurations = (
				7E1F4A9B1F4221460004D3CE /* Debug */,
				7E1F4A9C1F4221460004D3CE /* Release */,
			);
			defaultConfigurationIsVisible = 0;
		};
/* End XCConfigurationList section */
	};
	rootObject = 7E1F4A641F4221460004D3CE /* Project object */;
}
